
Microsoft Visual Studio Solution File, Format Version 12.00
# Visual Studio Version 17
VisualStudioVersion = 17.6.33723.286
MinimumVisualStudioVersion = 10.0.40219.1
Project("{FAE04EC0-301F-11D3-BF4B-00C04F79EFBC}") = "NotepadClone", "NotepadClone.csproj", "{6D0F9B70-A735-4534-9799-1C9F198BEC25}"
EndProject
Global
	GlobalSection(SolutionConfigurationPlatforms) = preSolution
		Debug|Any CPU = Debug|Any CPU
		Release|Any CPU = Release|Any CPU
	EndGlobalSection
	GlobalSection(ProjectConfigurationPlatforms) = postSolution
		{6D0F9B70-A735-4534-9799-1C9F198BEC25}.Debug|Any CPU.ActiveCfg = Debug|Any CPU
		{6D0F9B70-A735-4534-9799-1C9F198BEC25}.Debug|Any CPU.Build.0 = Debug|Any CPU
		{6D0F9B70-A735-4534-9799-1C9F198BEC25}.Release|Any CPU.ActiveCfg = Release|Any CPU
		{6D0F9B70-A735-4534-9799-1C9F198BEC25}.Release|Any CPU.Build.0 = Release|Any CPU
	EndGlobalSection
	GlobalSection(SolutionProperties) = preSolution
		HideSolutionNode = FALSE
	EndGlobalSection
	GlobalSection(ExtensibilityGlobals) = postSolution
		SolutionGuid = {DE8A3B5E-26BB-4390-B8AA-F406A7B78075}
	EndGlobalSection
EndGlobal
